
Microsoft Visual Studio Solution File, Format Version 12.00
# Visual Studio Version 17
VisualStudioVersion = 17.8.34330.188
MinimumVisualStudioVersion = 10.0.40219.1
Project("{9A19103F-16F7-4668-BE54-9A1E7A4F7556}") = "GeographyQuiz", "GeographyQuiz\GeographyQuiz.csproj", "{CC3F9092-CFA5-4D2C-AB19-E9BB04465F8E}"
EndProject
Global
	GlobalSection(SolutionConfigurationPlatforms) = preSolution
		Debug|Any CPU = Debug|Any CPU
		Release|Any CPU = Release|Any CPU
	EndGlobalSection
	GlobalSection(ProjectConfigurationPlatforms) = postSolution
		{CC3F9092-CFA5-4D2C-AB19-E9BB04465F8E}.Debug|Any CPU.ActiveCfg = Debug|Any CPU
		{CC3F9092-CFA5-4D2C-AB19-E9BB04465F8E}.Debug|Any CPU.Build.0 = Debug|Any CPU
		{CC3F9092-CFA5-4D2C-AB19-E9BB04465F8E}.Release|Any CPU.ActiveCfg = Release|Any CPU
		{CC3F9092-CFA5-4D2C-AB19-E9BB04465F8E}.Release|Any CPU.Build.0 = Release|Any CPU
	EndGlobalSection
	GlobalSection(SolutionProperties) = preSolution
		HideSolutionNode = FALSE
	EndGlobalSection
	GlobalSection(ExtensibilityGlobals) = postSolution
		SolutionGuid = {122D4EC8-3E04-4BC9-909D-694AEDE29A50}
	EndGlobalSection
EndGlobal
